
Microsoft Visual Studio Solution File, Format Version 12.00
# Visual Studio Version 17
VisualStudioVersion = 17.5.002.0
MinimumVisualStudioVersion = 10.0.40219.1
Project("{9A19103F-16F7-4668-BE54-9A1E7A4F7556}") = "BingoCard", "BingoCard.csproj", "{810A057F-14B4-4C24-9A6E-42BE07CC9443}"
EndProject
Global
	GlobalSection(SolutionConfigurationPlatforms) = preSolution
		Debug|Any CPU = Debug|Any CPU
		Release|Any CPU = Release|Any CPU
	EndGlobalSection
	GlobalSection(ProjectConfigurationPlatforms) = postSolution
		{810A057F-14B4-4C24-9A6E-42BE07CC9443}.Debug|Any CPU.ActiveCfg = Debug|Any CPU
		{810A057F-14B4-4C24-9A6E-42BE07CC9443}.Debug|Any CPU.Build.0 = Debug|Any CPU
		{810A057F-14B4-4C24-9A6E-42BE07CC9443}.Release|Any CPU.ActiveCfg = Release|Any CPU
		{810A057F-14B4-4C24-9A6E-42BE07CC9443}.Release|Any CPU.Build.0 = Release|Any CPU
	EndGlobalSection
	GlobalSection(SolutionProperties) = preSolution
		HideSolutionNode = FALSE
	EndGlobalSection
	GlobalSection(ExtensibilityGlobals) = postSolution
		SolutionGuid = {BF33F938-C177-4667-BDD8-C7409366868D}
	EndGlobalSection
EndGlobal
